
Microsoft Visual Studio Solution File, Format Version 12.00
# Visual Studio 15
VisualStudioVersion = 15.0.26730.16
MinimumVisualStudioVersion = 10.0.40219.1
Project("{FAE04EC0-301F-11D3-BF4B-00C04F79EFBC}") = "FomeZero.Web", "FomeZero\FomeZero.Web.csproj", "{7DD0ECC7-C66F-4E00-B7F8-95B711450559}"
EndProject
Project("{FAE04EC0-301F-11D3-BF4B-00C04F79EFBC}") = "FomeZero.Testes", "FomeZero.Testes\FomeZero.Testes.csproj", "{6A9A6EE3-AFAA-4836-B427-58221A4902D3}"
EndProject
Project("{FAE04EC0-301F-11D3-BF4B-00C04F79EFBC}") = "FomeZero.Negocio", "FomeZero.Negocio\FomeZero.Negocio.csproj", "{FEA8270B-4719-4AB2-A7D2-8E8E2DBBBCE0}"
EndProject
Project("{FAE04EC0-301F-11D3-BF4B-00C04F79EFBC}") = "FomeZero.Entidades", "FomeZero.Entidades\FomeZero.Entidades.csproj", "{C66E537E-1F52-4CE9-9384-69BE9499D986}"
EndProject
Global
	GlobalSection(SolutionConfigurationPlatforms) = preSolution
		Debug|Any CPU = Debug|Any CPU
		Release|Any CPU = Release|Any CPU
	EndGlobalSection
	GlobalSection(ProjectConfigurationPlatforms) = postSolution
		{7DD0ECC7-C66F-4E00-B7F8-95B711450559}.Debug|Any CPU.ActiveCfg = Debug|Any CPU
		{7DD0ECC7-C66F-4E00-B7F8-95B711450559}.Debug|Any CPU.Build.0 = Debug|Any CPU
		{7DD0ECC7-C66F-4E00-B7F8-95B711450559}.Release|Any CPU.ActiveCfg = Release|Any CPU
		{7DD0ECC7-C66F-4E00-B7F8-95B711450559}.Release|Any CPU.Build.0 = Release|Any CPU
		{6A9A6EE3-AFAA-4836-B427-58221A4902D3}.Debug|Any CPU.ActiveCfg = Debug|Any CPU
		{6A9A6EE3-AFAA-4836-B427-58221A4902D3}.Debug|Any CPU.Build.0 = Debug|Any CPU
		{6A9A6EE3-AFAA-4836-B427-58221A4902D3}.Release|Any CPU.ActiveCfg = Release|Any CPU
		{6A9A6EE3-AFAA-4836-B427-58221A4902D3}.Release|Any CPU.Build.0 = Release|Any CPU
		{FEA8270B-4719-4AB2-A7D2-8E8E2DBBBCE0}.Debug|Any CPU.ActiveCfg = Debug|Any CPU
		{FEA8270B-4719-4AB2-A7D2-8E8E2DBBBCE0}.Debug|Any CPU.Build.0 = Debug|Any CPU
		{FEA8270B-4719-4AB2-A7D2-8E8E2DBBBCE0}.Release|Any CPU.ActiveCfg = Release|Any CPU
		{FEA8270B-4719-4AB2-A7D2-8E8E2DBBBCE0}.Release|Any CPU.Build.0 = Release|Any CPU
		{C66E537E-1F52-4CE9-9384-69BE9499D986}.Debug|Any CPU.ActiveCfg = Debug|Any CPU
		{C66E537E-1F52-4CE9-9384-69BE9499D986}.Debug|Any CPU.Build.0 = Debug|Any CPU
		{C66E537E-1F52-4CE9-9384-69BE9499D986}.Release|Any CPU.ActiveCfg = Release|Any CPU
		{C66E537E-1F52-4CE9-9384-69BE9499D986}.Release|Any CPU.Build.0 = Release|Any CPU
	EndGlobalSection
	GlobalSection(SolutionProperties) = preSolution
		HideSolutionNode = FALSE
	EndGlobalSection
	GlobalSection(ExtensibilityGlobals) = postSolution
		SolutionGuid = {72BD322E-6393-43FF-B9AB-26678B9D36A0}
	EndGlobalSection
EndGlobal
